
Microsoft Visual Studio Solution File, Format Version 12.00
# Visual Studio Version 16
VisualStudioVersion = 16.0.31105.61
MinimumVisualStudioVersion = 10.0.40219.1
Project("{FAE04EC0-301F-11D3-BF4B-00C04F79EFBC}") = "Generator pliku ddd", "Generator pliku ddd.csproj", "{8285DF88-4193-41B2-8D52-F2DCA778D6F7}"
EndProject
Project("{9A19103F-16F7-4668-BE54-9A1E7A4F7556}") = "api.dane.gov.pl", "api.dane.gov.pl\api.dane.gov.pl.csproj", "{AB890275-79A8-4FCE-890C-C6BAB004309B}"
EndProject
Project("{FAE04EC0-301F-11D3-BF4B-00C04F79EFBC}") = "TachographCardStructure", "..\TachographCardStructure\TachographCardStructure.csproj", "{26B2ABE8-48E6-4389-9E89-DCDECBAF48BB}"
EndProject
Project("{FAE04EC0-301F-11D3-BF4B-00C04F79EFBC}") = "Tests", "..\Tests\Tests.csproj", "{255B212B-E142-42D1-8D2E-146D9F5AE82B}"
EndProject
Global
	GlobalSection(SolutionConfigurationPlatforms) = preSolution
		Debug|Any CPU = Debug|Any CPU
		Release|Any CPU = Release|Any CPU
	EndGlobalSection
	GlobalSection(ProjectConfigurationPlatforms) = postSolution
		{8285DF88-4193-41B2-8D52-F2DCA778D6F7}.Debug|Any CPU.ActiveCfg = Debug|Any CPU
		{8285DF88-4193-41B2-8D52-F2DCA778D6F7}.Debug|Any CPU.Build.0 = Debug|Any CPU
		{8285DF88-4193-41B2-8D52-F2DCA778D6F7}.Release|Any CPU.ActiveCfg = Release|Any CPU
		{8285DF88-4193-41B2-8D52-F2DCA778D6F7}.Release|Any CPU.Build.0 = Release|Any CPU
		{AB890275-79A8-4FCE-890C-C6BAB004309B}.Debug|Any CPU.ActiveCfg = Debug|Any CPU
		{AB890275-79A8-4FCE-890C-C6BAB004309B}.Debug|Any CPU.Build.0 = Debug|Any CPU
		{AB890275-79A8-4FCE-890C-C6BAB004309B}.Release|Any CPU.ActiveCfg = Release|Any CPU
		{AB890275-79A8-4FCE-890C-C6BAB004309B}.Release|Any CPU.Build.0 = Release|Any CPU
		{26B2ABE8-48E6-4389-9E89-DCDECBAF48BB}.Debug|Any CPU.ActiveCfg = Debug|Any CPU
		{26B2ABE8-48E6-4389-9E89-DCDECBAF48BB}.Debug|Any CPU.Build.0 = Debug|Any CPU
		{26B2ABE8-48E6-4389-9E89-DCDECBAF48BB}.Release|Any CPU.ActiveCfg = Release|Any CPU
		{26B2ABE8-48E6-4389-9E89-DCDECBAF48BB}.Release|Any CPU.Build.0 = Release|Any CPU
		{255B212B-E142-42D1-8D2E-146D9F5AE82B}.Debug|Any CPU.ActiveCfg = Debug|Any CPU
		{255B212B-E142-42D1-8D2E-146D9F5AE82B}.Debug|Any CPU.Build.0 = Debug|Any CPU
		{255B212B-E142-42D1-8D2E-146D9F5AE82B}.Release|Any CPU.ActiveCfg = Release|Any CPU
		{255B212B-E142-42D1-8D2E-146D9F5AE82B}.Release|Any CPU.Build.0 = Release|Any CPU
	EndGlobalSection
	GlobalSection(SolutionProperties) = preSolution
		HideSolutionNode = FALSE
	EndGlobalSection
	GlobalSection(ExtensibilityGlobals) = postSolution
		SolutionGuid = {E167DBBD-ED73-41A9-9671-6A80637FFD33}
	EndGlobalSection
EndGlobal
